
Microsoft Visual Studio Solution File, Format Version 12.00
# Visual Studio Version 16
VisualStudioVersion = 16.0.30114.105
MinimumVisualStudioVersion = 10.0.40219.1
Project("{2150E333-8FDC-42A3-9474-1A3956D46DE8}") = "src", "src", "{80EEEE11-DC72-4A71-864A-667842D7AF3E}"
EndProject
Project("{FAE04EC0-301F-11D3-BF4B-00C04F79EFBC}") = "CommandAPI", "src\CommandAPI\CommandAPI.csproj", "{FD974330-4569-4F00-8BAE-77AFA89A1D75}"
EndProject
Project("{2150E333-8FDC-42A3-9474-1A3956D46DE8}") = "test", "test", "{60209B2B-38C0-4D49-A162-4ADB27B99F4A}"
EndProject
Project("{FAE04EC0-301F-11D3-BF4B-00C04F79EFBC}") = "CommandAPI.Tests", "test\CommandAPI.Tests\CommandAPI.Tests.csproj", "{9D826342-F5F1-4BFE-92E3-ADDB7A877F69}"
EndProject
Global
	GlobalSection(SolutionConfigurationPlatforms) = preSolution
		Debug|Any CPU = Debug|Any CPU
		Debug|x64 = Debug|x64
		Debug|x86 = Debug|x86
		Release|Any CPU = Release|Any CPU
		Release|x64 = Release|x64
		Release|x86 = Release|x86
	EndGlobalSection
	GlobalSection(SolutionProperties) = preSolution
		HideSolutionNode = FALSE
	EndGlobalSection
	GlobalSection(ProjectConfigurationPlatforms) = postSolution
		{FD974330-4569-4F00-8BAE-77AFA89A1D75}.Debug|Any CPU.ActiveCfg = Debug|Any CPU
		{FD974330-4569-4F00-8BAE-77AFA89A1D75}.Debug|Any CPU.Build.0 = Debug|Any CPU
		{FD974330-4569-4F00-8BAE-77AFA89A1D75}.Debug|x64.ActiveCfg = Debug|Any CPU
		{FD974330-4569-4F00-8BAE-77AFA89A1D75}.Debug|x64.Build.0 = Debug|Any CPU
		{FD974330-4569-4F00-8BAE-77AFA89A1D75}.Debug|x86.ActiveCfg = Debug|Any CPU
		{FD974330-4569-4F00-8BAE-77AFA89A1D75}.Debug|x86.Build.0 = Debug|Any CPU
		{FD974330-4569-4F00-8BAE-77AFA89A1D75}.Release|Any CPU.ActiveCfg = Release|Any CPU
		{FD974330-4569-4F00-8BAE-77AFA89A1D75}.Release|Any CPU.Build.0 = Release|Any CPU
		{FD974330-4569-4F00-8BAE-77AFA89A1D75}.Release|x64.ActiveCfg = Release|Any CPU
		{FD974330-4569-4F00-8BAE-77AFA89A1D75}.Release|x64.Build.0 = Release|Any CPU
		{FD974330-4569-4F00-8BAE-77AFA89A1D75}.Release|x86.ActiveCfg = Release|Any CPU
		{FD974330-4569-4F00-8BAE-77AFA89A1D75}.Release|x86.Build.0 = Release|Any CPU
		{9D826342-F5F1-4BFE-92E3-ADDB7A877F69}.Debug|Any CPU.ActiveCfg = Debug|Any CPU
		{9D826342-F5F1-4BFE-92E3-ADDB7A877F69}.Debug|Any CPU.Build.0 = Debug|Any CPU
		{9D826342-F5F1-4BFE-92E3-ADDB7A877F69}.Debug|x64.ActiveCfg = Debug|Any CPU
		{9D826342-F5F1-4BFE-92E3-ADDB7A877F69}.Debug|x64.Build.0 = Debug|Any CPU
		{9D826342-F5F1-4BFE-92E3-ADDB7A877F69}.Debug|x86.ActiveCfg = Debug|Any CPU
		{9D826342-F5F1-4BFE-92E3-ADDB7A877F69}.Debug|x86.Build.0 = Debug|Any CPU
		{9D826342-F5F1-4BFE-92E3-ADDB7A877F69}.Release|Any CPU.ActiveCfg = Release|Any CPU
		{9D826342-F5F1-4BFE-92E3-ADDB7A877F69}.Release|Any CPU.Build.0 = Release|Any CPU
		{9D826342-F5F1-4BFE-92E3-ADDB7A877F69}.Release|x64.ActiveCfg = Release|Any CPU
		{9D826342-F5F1-4BFE-92E3-ADDB7A877F69}.Release|x64.Build.0 = Release|Any CPU
		{9D826342-F5F1-4BFE-92E3-ADDB7A877F69}.Release|x86.ActiveCfg = Release|Any CPU
		{9D826342-F5F1-4BFE-92E3-ADDB7A877F69}.Release|x86.Build.0 = Release|Any CPU
	EndGlobalSection
	GlobalSection(NestedProjects) = preSolution
		{FD974330-4569-4F00-8BAE-77AFA89A1D75} = {80EEEE11-DC72-4A71-864A-667842D7AF3E}
		{9D826342-F5F1-4BFE-92E3-ADDB7A877F69} = {60209B2B-38C0-4D49-A162-4ADB27B99F4A}
	EndGlobalSection
EndGlobal
